
Microsoft Visual Studio Solution File, Format Version 12.00
# Visual Studio 15
VisualStudioVersion = 15.0.27703.2035
MinimumVisualStudioVersion = 10.0.40219.1
Project("{FAE04EC0-301F-11D3-BF4B-00C04F79EFBC}") = "ConsoleApp1", "..\ConsoleApp1\ConsoleApp1.csproj", "{3A883E49-38ED-4231-8EC1-6196E919EE4A}"
EndProject
Global
	GlobalSection(SolutionConfigurationPlatforms) = preSolution
		Debug|Any CPU = Debug|Any CPU
		Release|Any CPU = Release|Any CPU
	EndGlobalSection
	GlobalSection(ProjectConfigurationPlatforms) = postSolution
		{3A883E49-38ED-4231-8EC1-6196E919EE4A}.Debug|Any CPU.ActiveCfg = Debug|Any CPU
		{3A883E49-38ED-4231-8EC1-6196E919EE4A}.Debug|Any CPU.Build.0 = Debug|Any CPU
		{3A883E49-38ED-4231-8EC1-6196E919EE4A}.Release|Any CPU.ActiveCfg = Release|Any CPU
		{3A883E49-38ED-4231-8EC1-6196E919EE4A}.Release|Any CPU.Build.0 = Release|Any CPU
	EndGlobalSection
	GlobalSection(SolutionProperties) = preSolution
		HideSolutionNode = FALSE
	EndGlobalSection
	GlobalSection(ExtensibilityGlobals) = postSolution
		SolutionGuid = {D86F6F2B-59CE-4982-950D-CB6FC67F04A6}
	EndGlobalSection
EndGlobal
